<?xml version="1.0" encoding="utf-8"?>
<Project ToolsVersion="4.0" xmlns="http://schemas.microsoft.com/developer/msbuild/2003">
  <ItemGroup>
    <Filter Include="Source Files">
      <UniqueIdentifier>{4FC737F1-C7A5-4376-A066-2A32D752A2FF}</UniqueIdentifier>
      <Extensions>cpp;c;cc;cxx;def;odl;idl;hpj;bat;asm;asmx</Extensions>
    </Filter>
    <Filter Include="Header Files">
      <UniqueIdentifier>{93995380-89BD-4b04-88EB-625FBE52EBFB}</UniqueIdentifier>
      <Extensions>h;hpp;hxx;hm;inl;inc;xsd</Extensions>
    </Filter>
    <Filter Include="Resource Files">
      <UniqueIdentifier>{67DA6AB6-F800-4c08-8B7A-83BB121AAD01}</UniqueIdentifier>
      <Extensions>rc;ico;cur;bmp;dlg;rc2;rct;bin;rgs;gif;jpg;jpeg;jpe;resx;tiff;tif;png;wav;mfcribbon-ms</Extensions>
    </Filter>
    <Filter Include="Header Files\LibCore">
      <UniqueIdentifier>{a9b719d0-de92-4793-bb90-0f5a27f45d21}</UniqueIdentifier>
    </Filter>
    <Filter Include="Header Files\LibCore\ObjectSystems">
      <UniqueIdentifier>{48f428dd-e340-4e35-bd30-34efd297ba50}</UniqueIdentifier>
    </Filter>
    <Filter Include="Header Files\Graphics">
      <UniqueIdentifier>{4c21bdc7-62d9-4f5d-a2b0-8c650209bc25}</UniqueIdentifier>
    </Filter>
    <Filter Include="Header Files\Renderers">
      <UniqueIdentifier>{c97c0e97-bfbb-4a17-92c1-573430c53f03}</UniqueIdentifier>
    </Filter>
    <Filter Include="Extensions">
      <UniqueIdentifier>{6b715a59-e32d-4280-a5df-88a9320d86f2}</UniqueIdentifier>
    </Filter>
    <Filter Include="Header Files\Memory">
      <UniqueIdentifier>{a9f6046c-255d-4c3a-8d5d-d82704c137a7}</UniqueIdentifier>
    </Filter>
    <Filter Include="Header Files\Math">
      <UniqueIdentifier>{a94f5fb4-63f4-4c09-b4fc-407fcff9af24}</UniqueIdentifier>
    </Filter>
    <Filter Include="Header Files\Graphics\SceneGraph">
      <UniqueIdentifier>{0b7324a7-c421-4521-b396-dbee03f02c7c}</UniqueIdentifier>
    </Filter>
    <Filter Include="Header Files\DataTypes">
      <UniqueIdentifier>{9e473d7d-6221-4fde-bfca-857e07f5553f}</UniqueIdentifier>
    </Filter>
  </ItemGroup>
  <ItemGroup>
    <ClCompile Include="..\src\main.cpp">
      <Filter>Source Files</Filter>
    </ClCompile>
    <ClCompile Include="..\src\EventHandler.cpp">
      <Filter>Source Files</Filter>
    </ClCompile>
    <ClCompile Include="..\src\AudioHandler.cpp">
      <Filter>Source Files</Filter>
    </ClCompile>
    <ClCompile Include="..\src\Renderer.cpp">
      <Filter>Source Files</Filter>
    </ClCompile>
    <ClCompile Include="..\src\Buffer.cpp">
      <Filter>Header Files\Graphics</Filter>
    </ClCompile>
    <ClCompile Include="..\src\Object.cpp">
      <Filter>Header Files\LibCore\ObjectSystems</Filter>
    </ClCompile>
    <ClCompile Include="..\src\IndexBuffer.cpp">
      <Filter>Header Files\Graphics</Filter>
    </ClCompile>
    <ClCompile Include="..\src\VertexBuffer.cpp">
      <Filter>Header Files\Graphics</Filter>
    </ClCompile>
    <ClCompile Include="..\src\Log.cpp">
      <Filter>Source Files</Filter>
    </ClCompile>
    <ClCompile Include="..\src\Visual.cpp">
      <Filter>Header Files\Graphics</Filter>
    </ClCompile>
    <ClCompile Include="..\src\Vector.cpp">
      <Filter>Header Files\Math</Filter>
    </ClCompile>
    <ClCompile Include="..\src\Vector3.cpp">
      <Filter>Header Files\Math</Filter>
    </ClCompile>
    <ClCompile Include="..\src\Matrix3.cpp">
      <Filter>Header Files\Math</Filter>
    </ClCompile>
    <ClCompile Include="..\src\AVector.cpp">
      <Filter>Header Files\Math</Filter>
    </ClCompile>
    <ClCompile Include="..\src\HMatrix.cpp">
      <Filter>Header Files\Math</Filter>
    </ClCompile>
    <ClCompile Include="..\src\HPoint.cpp">
      <Filter>Header Files\Math</Filter>
    </ClCompile>
    <ClCompile Include="..\src\APoint.cpp">
      <Filter>Header Files\Math</Filter>
    </ClCompile>
    <ClCompile Include="..\src\Transform.cpp">
      <Filter>Header Files\Graphics\SceneGraph</Filter>
    </ClCompile>
    <ClCompile Include="..\src\HPlane.cpp">
      <Filter>Header Files\Math</Filter>
    </ClCompile>
    <ClCompile Include="..\src\Bound.cpp">
      <Filter>Header Files\Graphics</Filter>
    </ClCompile>
  </ItemGroup>
  <ItemGroup>
    <ClInclude Include="..\src\Renderer.h">
      <Filter>Header Files</Filter>
    </ClInclude>
    <ClInclude Include="..\src\EventHandler.h">
      <Filter>Header Files</Filter>
    </ClInclude>
    <ClInclude Include="..\src\Core.h">
      <Filter>Header Files\LibCore</Filter>
    </ClInclude>
    <ClInclude Include="..\src\CoreLIB.h">
      <Filter>Header Files\LibCore</Filter>
    </ClInclude>
    <ClInclude Include="..\src\GraphicsLIB.h">
      <Filter>Header Files</Filter>
    </ClInclude>
    <ClInclude Include="..\src\AudioHandler.h">
      <Filter>Header Files</Filter>
    </ClInclude>
    <ClInclude Include="..\src\Visual.h">
      <Filter>Header Files\Graphics</Filter>
    </ClInclude>
    <ClInclude Include="..\src\Buffer.h">
      <Filter>Header Files\Graphics</Filter>
    </ClInclude>
    <ClInclude Include="..\src\Object.h">
      <Filter>Header Files\LibCore\ObjectSystems</Filter>
    </ClInclude>
    <ClInclude Include="..\src\GlExtensions.h">
      <Filter>Header Files\Renderers</Filter>
    </ClInclude>
    <ClInclude Include="..\src\IndexBuffer.h">
      <Filter>Header Files\Graphics</Filter>
    </ClInclude>
    <ClInclude Include="..\src\VertexBuffer.h">
      <Filter>Header Files\Graphics</Filter>
    </ClInclude>
    <ClInclude Include="..\src\Memory.h">
      <Filter>Header Files\Memory</Filter>
    </ClInclude>
    <ClInclude Include="..\src\Vector.h">
      <Filter>Header Files\Math</Filter>
    </ClInclude>
    <ClInclude Include="..\src\Spatial.h">
      <Filter>Header Files\Graphics\SceneGraph</Filter>
    </ClInclude>
    <ClInclude Include="..\src\Node.h">
      <Filter>Header Files\Graphics\SceneGraph</Filter>
    </ClInclude>
    <ClInclude Include="..\src\Tuple.h">
      <Filter>Header Files\DataTypes</Filter>
    </ClInclude>
    <ClInclude Include="..\src\Table.h">
      <Filter>Header Files\DataTypes</Filter>
    </ClInclude>
    <ClInclude Include="..\src\Matrix3.h">
      <Filter>Header Files\Math</Filter>
    </ClInclude>
    <ClInclude Include="..\src\Vector3.h">
      <Filter>Header Files\Math</Filter>
    </ClInclude>
    <ClInclude Include="..\src\Transform.h">
      <Filter>Header Files\Graphics\SceneGraph</Filter>
    </ClInclude>
    <ClInclude Include="..\src\HMatrix.h">
      <Filter>Header Files\Math</Filter>
    </ClInclude>
    <ClInclude Include="..\src\APoint.h">
      <Filter>Header Files\Math</Filter>
    </ClInclude>
    <ClInclude Include="..\src\AVector.h">
      <Filter>Header Files\Math</Filter>
    </ClInclude>
    <ClInclude Include="..\src\HPoint.h">
      <Filter>Header Files\Math</Filter>
    </ClInclude>
    <ClInclude Include="..\src\Float3.h">
      <Filter>Header Files\Math</Filter>
    </ClInclude>
    <ClInclude Include="..\src\HPlane.h">
      <Filter>Header Files\Math</Filter>
    </ClInclude>
    <ClInclude Include="..\src\Bound.h">
      <Filter>Header Files\Graphics</Filter>
    </ClInclude>
  </ItemGroup>
  <ItemGroup>
    <None Include="..\src\Memory.inl">
      <Filter>Header Files\Memory</Filter>
    </None>
    <None Include="..\src\Vector.inl">
      <Filter>Header Files\Math</Filter>
    </None>
    <None Include="..\src\Tuple.inl">
      <Filter>Header Files\DataTypes</Filter>
    </None>
    <None Include="..\src\Table.inl">
      <Filter>Header Files\DataTypes</Filter>
    </None>
    <None Include="..\src\Vector3.inl">
      <Filter>Header Files\Math</Filter>
    </None>
    <None Include="..\src\Matrix3.inl">
      <Filter>Header Files\Math</Filter>
    </None>
    <None Include="..\src\HPoint.inl">
      <Filter>Header Files\Math</Filter>
    </None>
    <None Include="..\src\AVector.inl">
      <Filter>Header Files\Math</Filter>
    </None>
    <None Include="..\src\APoint.inl">
      <Filter>Header Files\Math</Filter>
    </None>
    <None Include="..\src\HMatrix.inl">
      <Filter>Header Files\Math</Filter>
    </None>
    <None Include="..\src\Transform.inl">
      <Filter>Header Files\Graphics\SceneGraph</Filter>
    </None>
    <None Include="..\src\HPlane.inl">
      <Filter>Header Files\Math</Filter>
    </None>
    <None Include="..\src\Bound.inl">
      <Filter>Header Files\Graphics</Filter>
    </None>
  </ItemGroup>
</Project>