<?xml version="1.0" encoding="utf-8"?>
<Project ToolsVersion="4.0" xmlns="http://schemas.microsoft.com/developer/msbuild/2003">
  <ItemGroup>
    <Filter Include="Algebra">
      <UniqueIdentifier>{93995380-89BD-4b04-88EB-625FBE52EBFB}</UniqueIdentifier>
      <Extensions>h;hpp;hxx;hm;inl;inc;xsd</Extensions>
    </Filter>
    <Filter Include="Base">
      <UniqueIdentifier>{67DA6AB6-F800-4c08-8B7A-83BB121AAD01}</UniqueIdentifier>
      <Extensions>rc;ico;cur;bmp;dlg;rc2;rct;bin;rgs;gif;jpg;jpeg;jpe;resx;tiff;tif;png;wav;mfcribbon-ms</Extensions>
    </Filter>
    <Filter Include="_PrecompiledHeaders">
      <UniqueIdentifier>{4FC737F1-C7A5-4376-A066-2A32D752A2FF}</UniqueIdentifier>
      <Extensions>cpp;c;cc;cxx;def;odl;idl;hpj;bat;asm;asmx</Extensions>
    </Filter>
    <Filter Include="Distance">
      <UniqueIdentifier>{d4196a78-3663-49fd-85a1-2be532166626}</UniqueIdentifier>
    </Filter>
    <Filter Include="Objects2D">
      <UniqueIdentifier>{458065bf-ee21-439c-9fbb-26a9a935a171}</UniqueIdentifier>
    </Filter>
    <Filter Include="Objects3D">
      <UniqueIdentifier>{c022192a-8f0d-4c6f-b5e4-eb97712e9d02}</UniqueIdentifier>
    </Filter>
    <Filter Include="Containment">
      <UniqueIdentifier>{ae904227-bb4d-4295-ad61-eb717b956564}</UniqueIdentifier>
    </Filter>
    <Filter Include="Containment\2D">
      <UniqueIdentifier>{008d4c7d-3951-44e5-a59c-57678dcfd98a}</UniqueIdentifier>
    </Filter>
    <Filter Include="Containment\3D">
      <UniqueIdentifier>{85006c3b-ee57-4128-85a4-ca6d1117aefb}</UniqueIdentifier>
    </Filter>
    <Filter Include="Approximation">
      <UniqueIdentifier>{249f031f-562a-4ef5-aa9b-88544c0b2ceb}</UniqueIdentifier>
    </Filter>
    <Filter Include="Approximation\2D">
      <UniqueIdentifier>{4a878236-9cbd-424b-acd3-ddaf9315f4f8}</UniqueIdentifier>
    </Filter>
    <Filter Include="Approximation\3D">
      <UniqueIdentifier>{8decd0a9-ab4c-48a7-88ab-75fd365ab05d}</UniqueIdentifier>
    </Filter>
    <Filter Include="Numerical Analysis">
      <UniqueIdentifier>{00a88d60-a08f-4c36-b365-f15a8dbb02db}</UniqueIdentifier>
    </Filter>
  </ItemGroup>
  <ItemGroup>
    <ClInclude Include="..\..\src\ShrMathematics.h" />
    <ClInclude Include="..\..\src\ShrMathematicsLIB.h" />
    <ClInclude Include="..\..\src\ShrMathematicsPCH.h">
      <Filter>_PrecompiledHeaders</Filter>
    </ClInclude>
    <ClInclude Include="..\..\src\ShrAPoint.h">
      <Filter>Algebra</Filter>
    </ClInclude>
    <ClInclude Include="..\..\src\ShrAVector.h">
      <Filter>Algebra</Filter>
    </ClInclude>
    <ClInclude Include="..\..\src\ShrGMatrix.h">
      <Filter>Algebra</Filter>
    </ClInclude>
    <ClInclude Include="..\..\src\ShrGVector.h">
      <Filter>Algebra</Filter>
    </ClInclude>
    <ClInclude Include="..\..\src\ShrHMatrix.h">
      <Filter>Algebra</Filter>
    </ClInclude>
    <ClInclude Include="..\..\src\ShrHPlane.h">
      <Filter>Algebra</Filter>
    </ClInclude>
    <ClInclude Include="..\..\src\ShrHPoint.h">
      <Filter>Algebra</Filter>
    </ClInclude>
    <ClInclude Include="..\..\src\ShrMatrix2.h">
      <Filter>Algebra</Filter>
    </ClInclude>
    <ClInclude Include="..\..\src\ShrMatrix3.h">
      <Filter>Algebra</Filter>
    </ClInclude>
    <ClInclude Include="..\..\src\ShrMatrix4.h">
      <Filter>Algebra</Filter>
    </ClInclude>
    <ClInclude Include="..\..\src\ShrQuaternion.h">
      <Filter>Algebra</Filter>
    </ClInclude>
    <ClInclude Include="..\..\src\ShrVector2.h">
      <Filter>Algebra</Filter>
    </ClInclude>
    <ClInclude Include="..\..\src\ShrVector3.h">
      <Filter>Algebra</Filter>
    </ClInclude>
    <ClInclude Include="..\..\src\ShrVector4.h">
      <Filter>Algebra</Filter>
    </ClInclude>
    <ClInclude Include="..\..\src\ShrApprGaussPointsFit2.h">
      <Filter>Approximation\2D</Filter>
    </ClInclude>
    <ClInclude Include="..\..\src\ShrApprGaussPointsFit3.h">
      <Filter>Approximation\3D</Filter>
    </ClInclude>
    <ClInclude Include="..\..\src\ShrFloat2.h">
      <Filter>Base</Filter>
    </ClInclude>
    <ClInclude Include="..\..\src\ShrFloat3.h">
      <Filter>Base</Filter>
    </ClInclude>
    <ClInclude Include="..\..\src\ShrMath.h">
      <Filter>Base</Filter>
    </ClInclude>
    <ClInclude Include="..\..\src\ShrContBox2.h">
      <Filter>Containment\2D</Filter>
    </ClInclude>
    <ClInclude Include="..\..\src\ShrContBox3.h">
      <Filter>Containment\3D</Filter>
    </ClInclude>
    <ClInclude Include="..\..\src\ShrDistance.h">
      <Filter>Distance</Filter>
    </ClInclude>
    <ClInclude Include="..\..\src\ShrEigenDecomposition.h">
      <Filter>Numerical Analysis</Filter>
    </ClInclude>
    <ClInclude Include="..\..\src\ShrBox2.h">
      <Filter>Objects2D</Filter>
    </ClInclude>
    <ClInclude Include="..\..\src\ShrBox3.h">
      <Filter>Objects3D</Filter>
    </ClInclude>
    <ClInclude Include="..\..\src\ShrFloat4.h">
      <Filter>Base</Filter>
    </ClInclude>
    <ClInclude Include="..\..\src\ShrBitHacks.h">
      <Filter>Base</Filter>
    </ClInclude>
    <ClInclude Include="..\..\src\ShrBandedMatrix.h">
      <Filter>Algebra</Filter>
    </ClInclude>
    <ClInclude Include="..\..\src\ShrHQuaternion.h">
      <Filter>Algebra</Filter>
    </ClInclude>
    <ClInclude Include="..\..\src\ShrPolynomial1.h">
      <Filter>Algebra</Filter>
    </ClInclude>
  </ItemGroup>
  <ItemGroup>
    <None Include="..\..\src\ShrAPoint.inl">
      <Filter>Algebra</Filter>
    </None>
    <None Include="..\..\src\ShrAVector.inl">
      <Filter>Algebra</Filter>
    </None>
    <None Include="..\..\src\ShrGMatrix.inl">
      <Filter>Algebra</Filter>
    </None>
    <None Include="..\..\src\ShrGVector.inl">
      <Filter>Algebra</Filter>
    </None>
    <None Include="..\..\src\ShrHMatrix.inl">
      <Filter>Algebra</Filter>
    </None>
    <None Include="..\..\src\ShrHPlane.inl">
      <Filter>Algebra</Filter>
    </None>
    <None Include="..\..\src\ShrHPoint.inl">
      <Filter>Algebra</Filter>
    </None>
    <None Include="..\..\src\ShrMatrix2.inl">
      <Filter>Algebra</Filter>
    </None>
    <None Include="..\..\src\ShrMatrix3.inl">
      <Filter>Algebra</Filter>
    </None>
    <None Include="..\..\src\ShrMatrix4.inl">
      <Filter>Algebra</Filter>
    </None>
    <None Include="..\..\src\ShrQuaternion.inl">
      <Filter>Algebra</Filter>
    </None>
    <None Include="..\..\src\ShrVector2.inl">
      <Filter>Algebra</Filter>
    </None>
    <None Include="..\..\src\ShrVector3.inl">
      <Filter>Algebra</Filter>
    </None>
    <None Include="..\..\src\ShrVector4.inl">
      <Filter>Algebra</Filter>
    </None>
    <None Include="..\..\src\ShrFloat2.inl">
      <Filter>Base</Filter>
    </None>
    <None Include="..\..\src\ShrFloat3.inl">
      <Filter>Base</Filter>
    </None>
    <None Include="..\..\src\ShrMath.inl">
      <Filter>Base</Filter>
    </None>
    <None Include="..\..\src\ShrBox2.inl">
      <Filter>Objects2D</Filter>
    </None>
    <None Include="..\..\src\ShrBox3.inl">
      <Filter>Objects3D</Filter>
    </None>
    <None Include="..\..\src\ShrFloat4.inl">
      <Filter>Base</Filter>
    </None>
    <None Include="..\..\src\ShrBitHacks.inl">
      <Filter>Base</Filter>
    </None>
    <None Include="..\..\src\ShrBandedMatrix.inl">
      <Filter>Algebra</Filter>
    </None>
    <None Include="..\..\src\ShrHQuaternion.inl">
      <Filter>Algebra</Filter>
    </None>
    <None Include="..\..\src\ShrPolynomial1.inl">
      <Filter>Algebra</Filter>
    </None>
  </ItemGroup>
  <ItemGroup>
    <ClCompile Include="..\..\src\ShrMathematicsPCH.cpp">
      <Filter>_PrecompiledHeaders</Filter>
    </ClCompile>
    <ClCompile Include="..\..\src\ShrAPoint.cpp">
      <Filter>Algebra</Filter>
    </ClCompile>
    <ClCompile Include="..\..\src\ShrAVector.cpp">
      <Filter>Algebra</Filter>
    </ClCompile>
    <ClCompile Include="..\..\src\ShrHMatrix.cpp">
      <Filter>Algebra</Filter>
    </ClCompile>
    <ClCompile Include="..\..\src\ShrHPlane.cpp">
      <Filter>Algebra</Filter>
    </ClCompile>
    <ClCompile Include="..\..\src\ShrHPoint.cpp">
      <Filter>Algebra</Filter>
    </ClCompile>
    <ClCompile Include="..\..\src\ShrMatrix2.cpp">
      <Filter>Algebra</Filter>
    </ClCompile>
    <ClCompile Include="..\..\src\ShrMatrix3.cpp">
      <Filter>Algebra</Filter>
    </ClCompile>
    <ClCompile Include="..\..\src\ShrMatrix4.cpp">
      <Filter>Algebra</Filter>
    </ClCompile>
    <ClCompile Include="..\..\src\ShrQuaternion.cpp">
      <Filter>Algebra</Filter>
    </ClCompile>
    <ClCompile Include="..\..\src\ShrVector2.cpp">
      <Filter>Algebra</Filter>
    </ClCompile>
    <ClCompile Include="..\..\src\ShrVector3.cpp">
      <Filter>Algebra</Filter>
    </ClCompile>
    <ClCompile Include="..\..\src\ShrVector4.cpp">
      <Filter>Algebra</Filter>
    </ClCompile>
    <ClCompile Include="..\..\src\ShrApprGaussPointsFit2.cpp">
      <Filter>Approximation\2D</Filter>
    </ClCompile>
    <ClCompile Include="..\..\src\ShrApprGaussPointsFit3.cpp">
      <Filter>Approximation\3D</Filter>
    </ClCompile>
    <ClCompile Include="..\..\src\ShrMath.cpp">
      <Filter>Base</Filter>
    </ClCompile>
    <ClCompile Include="..\..\src\ShrContBox2.cpp">
      <Filter>Containment\2D</Filter>
    </ClCompile>
    <ClCompile Include="..\..\src\ShrContBox3.cpp">
      <Filter>Containment\3D</Filter>
    </ClCompile>
    <ClCompile Include="..\..\src\ShrDistance.cpp">
      <Filter>Distance</Filter>
    </ClCompile>
    <ClCompile Include="..\..\src\ShrEigenDecomposition.cpp">
      <Filter>Numerical Analysis</Filter>
    </ClCompile>
    <ClCompile Include="..\..\src\ShrBitHacks.cpp">
      <Filter>Base</Filter>
    </ClCompile>
    <ClCompile Include="..\..\src\ShrHQuaternion.cpp">
      <Filter>Algebra</Filter>
    </ClCompile>
  </ItemGroup>
</Project>