<?xml version="1.0" encoding="utf-8"?>
<Project ToolsVersion="4.0" xmlns="http://schemas.microsoft.com/developer/msbuild/2003">
  <ItemGroup>
    <Filter Include="Assert">
      <UniqueIdentifier>{72df6b62-d4b2-454d-bc8e-6272d4b4251a}</UniqueIdentifier>
    </Filter>
    <Filter Include="DataTypes">
      <UniqueIdentifier>{7ceeb484-308c-42b3-9370-da93823c6da2}</UniqueIdentifier>
    </Filter>
    <Filter Include="InputOutput">
      <UniqueIdentifier>{f6f8da80-5b18-402f-b584-3a47610e3a07}</UniqueIdentifier>
    </Filter>
    <Filter Include="Memory">
      <UniqueIdentifier>{f2431197-e59a-472f-a007-ddedd447f568}</UniqueIdentifier>
    </Filter>
    <Filter Include="ObjectSystems">
      <UniqueIdentifier>{25c86412-7f78-43f0-bbde-a355b237c1e6}</UniqueIdentifier>
    </Filter>
    <Filter Include="Threading">
      <UniqueIdentifier>{27428011-d1d5-4026-b778-ddf780a3155f}</UniqueIdentifier>
    </Filter>
    <Filter Include="Time">
      <UniqueIdentifier>{77a80bfe-5c51-494a-95d8-dbebe0e3ed92}</UniqueIdentifier>
    </Filter>
    <Filter Include="_PrecompiledHeaders">
      <UniqueIdentifier>{00e826af-9eac-4481-9a36-9e0d1104b51d}</UniqueIdentifier>
    </Filter>
  </ItemGroup>
  <ItemGroup>
    <ClInclude Include="..\..\src\ShrCore.h" />
    <ClInclude Include="..\..\src\ShrCoreLIB.h" />
    <ClInclude Include="..\..\src\ShrCorePCH.h">
      <Filter>_PrecompiledHeaders</Filter>
    </ClInclude>
    <ClInclude Include="..\..\src\ShrAssert.h">
      <Filter>Assert</Filter>
    </ClInclude>
    <ClInclude Include="..\..\src\ShrTable.h">
      <Filter>DataTypes</Filter>
    </ClInclude>
    <ClInclude Include="..\..\src\ShrTuple.h">
      <Filter>DataTypes</Filter>
    </ClInclude>
    <ClInclude Include="..\..\src\ShrBufferIO.h">
      <Filter>InputOutput</Filter>
    </ClInclude>
    <ClInclude Include="..\..\src\ShrEndian.h">
      <Filter>InputOutput</Filter>
    </ClInclude>
    <ClInclude Include="..\..\src\ShrEnvironment.h">
      <Filter>InputOutput</Filter>
    </ClInclude>
    <ClInclude Include="..\..\src\ShrFileIO.h">
      <Filter>InputOutput</Filter>
    </ClInclude>
    <ClInclude Include="..\..\src\ShrMemory.h">
      <Filter>Memory</Filter>
    </ClInclude>
    <ClInclude Include="..\..\src\ShrSmartPointer.h">
      <Filter>Memory</Filter>
    </ClInclude>
    <ClInclude Include="..\..\src\ShrInitTerm.h">
      <Filter>ObjectSystems</Filter>
    </ClInclude>
    <ClInclude Include="..\..\src\ShrInStream.h">
      <Filter>ObjectSystems</Filter>
    </ClInclude>
    <ClInclude Include="..\..\src\ShrNames.h">
      <Filter>ObjectSystems</Filter>
    </ClInclude>
    <ClInclude Include="..\..\src\ShrObject.h">
      <Filter>ObjectSystems</Filter>
    </ClInclude>
    <ClInclude Include="..\..\src\ShrOutStream.h">
      <Filter>ObjectSystems</Filter>
    </ClInclude>
    <ClInclude Include="..\..\src\ShrRtti.h">
      <Filter>ObjectSystems</Filter>
    </ClInclude>
    <ClInclude Include="..\..\src\ShrStream.h">
      <Filter>ObjectSystems</Filter>
    </ClInclude>
    <ClInclude Include="..\..\src\ShrMutex.h">
      <Filter>Threading</Filter>
    </ClInclude>
    <ClInclude Include="..\..\src\ShrMutexType.h">
      <Filter>Threading</Filter>
    </ClInclude>
    <ClInclude Include="..\..\src\ShrTime.h">
      <Filter>Time</Filter>
    </ClInclude>
  </ItemGroup>
  <ItemGroup>
    <ClCompile Include="..\..\src\ShrCorePCH.cpp">
      <Filter>_PrecompiledHeaders</Filter>
    </ClCompile>
    <ClCompile Include="..\..\src\ShrAssert.cpp">
      <Filter>Assert</Filter>
    </ClCompile>
    <ClCompile Include="..\..\src\ShrBufferIO.cpp">
      <Filter>InputOutput</Filter>
    </ClCompile>
    <ClCompile Include="..\..\src\ShrEndian.cpp">
      <Filter>InputOutput</Filter>
    </ClCompile>
    <ClCompile Include="..\..\src\ShrEnvironment.cpp">
      <Filter>InputOutput</Filter>
    </ClCompile>
    <ClCompile Include="..\..\src\ShrFileIO.cpp">
      <Filter>InputOutput</Filter>
    </ClCompile>
    <ClCompile Include="..\..\src\ShrMemory.cpp">
      <Filter>Memory</Filter>
    </ClCompile>
    <ClCompile Include="..\..\src\ShrSmartPointer.cpp">
      <Filter>Memory</Filter>
    </ClCompile>
    <ClCompile Include="..\..\src\ShrInitTerm.cpp">
      <Filter>ObjectSystems</Filter>
    </ClCompile>
    <ClCompile Include="..\..\src\ShrInStream.cpp">
      <Filter>ObjectSystems</Filter>
    </ClCompile>
    <ClCompile Include="..\..\src\ShrObject.cpp">
      <Filter>ObjectSystems</Filter>
    </ClCompile>
    <ClCompile Include="..\..\src\ShrOutStream.cpp">
      <Filter>ObjectSystems</Filter>
    </ClCompile>
    <ClCompile Include="..\..\src\ShrRtti.cpp">
      <Filter>ObjectSystems</Filter>
    </ClCompile>
    <ClCompile Include="..\..\src\ShrStream.cpp">
      <Filter>ObjectSystems</Filter>
    </ClCompile>
    <ClCompile Include="..\..\src\ShrMutex.cpp">
      <Filter>Threading</Filter>
    </ClCompile>
    <ClCompile Include="..\..\src\ShrTime.cpp">
      <Filter>Time</Filter>
    </ClCompile>
  </ItemGroup>
  <ItemGroup>
    <None Include="..\..\src\ShrTable.inl">
      <Filter>DataTypes</Filter>
    </None>
    <None Include="..\..\src\ShrTuple.inl">
      <Filter>DataTypes</Filter>
    </None>
    <None Include="..\..\src\ShrBufferIO.inl">
      <Filter>InputOutput</Filter>
    </None>
    <None Include="..\..\src\ShrFileIO.inl">
      <Filter>InputOutput</Filter>
    </None>
    <None Include="..\..\src\ShrMemory.inl">
      <Filter>Memory</Filter>
    </None>
    <None Include="..\..\src\ShrSmartPointer.inl">
      <Filter>Memory</Filter>
    </None>
    <None Include="..\..\src\ShrInStream.inl">
      <Filter>ObjectSystems</Filter>
    </None>
    <None Include="..\..\src\ShrObject.inl">
      <Filter>ObjectSystems</Filter>
    </None>
    <None Include="..\..\src\ShrOutStream.inl">
      <Filter>ObjectSystems</Filter>
    </None>
    <None Include="..\..\src\ShrRtti.inl">
      <Filter>ObjectSystems</Filter>
    </None>
  </ItemGroup>
</Project>